
Microsoft Visual Studio Solution File, Format Version 12.00
# Visual Studio Version 17
VisualStudioVersion = 17.2.32516.85
MinimumVisualStudioVersion = 10.0.40219.1
Project("{FAE04EC0-301F-11D3-BF4B-00C04F79EFBC}") = "2_notebook", "2_notebook\2_notebook.csproj", "{4CCABA9E-B347-4AEA-A712-779556B1A9A3}"
EndProject
Global
	GlobalSection(SolutionConfigurationPlatforms) = preSolution
		Debug|Any CPU = Debug|Any CPU
		Release|Any CPU = Release|Any CPU
	EndGlobalSection
	GlobalSection(ProjectConfigurationPlatforms) = postSolution
		{4CCABA9E-B347-4AEA-A712-779556B1A9A3}.Debug|Any CPU.ActiveCfg = Debug|Any CPU
		{4CCABA9E-B347-4AEA-A712-779556B1A9A3}.Debug|Any CPU.Build.0 = Debug|Any CPU
		{4CCABA9E-B347-4AEA-A712-779556B1A9A3}.Release|Any CPU.ActiveCfg = Release|Any CPU
		{4CCABA9E-B347-4AEA-A712-779556B1A9A3}.Release|Any CPU.Build.0 = Release|Any CPU
	EndGlobalSection
	GlobalSection(SolutionProperties) = preSolution
		HideSolutionNode = FALSE
	EndGlobalSection
	GlobalSection(ExtensibilityGlobals) = postSolution
		SolutionGuid = {3FC73F17-6FF5-42F0-8D47-D6B9481289EF}
	EndGlobalSection
EndGlobal
